
Microsoft Visual Studio Solution File, Format Version 12.00
# Visual Studio 2012
Project("{FAE04EC0-301F-11D3-BF4B-00C04F79EFBC}") = "BitsmackGTAPI", "BitsmackGTAPI\BitsmackGTAPI.csproj", "{BA7D9FE4-E1B3-4AEA-8187-2C02A0108168}"
EndProject
Project("{2150E333-8FDC-42A3-9474-1A3956D46DE8}") = ".nuget", ".nuget", "{A5BE86CE-D272-409E-A797-877CE35EC952}"
	ProjectSection(SolutionItems) = preProject
		.nuget\NuGet.Config = .nuget\NuGet.Config
		.nuget\NuGet.exe = .nuget\NuGet.exe
		.nuget\NuGet.targets = .nuget\NuGet.targets
	EndProjectSection
EndProject
Global
	GlobalSection(SolutionConfigurationPlatforms) = preSolution
		Debug|Any CPU = Debug|Any CPU
		Release|Any CPU = Release|Any CPU
		TrialRelease|Any CPU = TrialRelease|Any CPU
	EndGlobalSection
	GlobalSection(ProjectConfigurationPlatforms) = postSolution
		{BA7D9FE4-E1B3-4AEA-8187-2C02A0108168}.Debug|Any CPU.ActiveCfg = Debug|Any CPU
		{BA7D9FE4-E1B3-4AEA-8187-2C02A0108168}.Debug|Any CPU.Build.0 = Debug|Any CPU
		{BA7D9FE4-E1B3-4AEA-8187-2C02A0108168}.Release|Any CPU.ActiveCfg = Release|Any CPU
		{BA7D9FE4-E1B3-4AEA-8187-2C02A0108168}.Release|Any CPU.Build.0 = Release|Any CPU
		{BA7D9FE4-E1B3-4AEA-8187-2C02A0108168}.TrialRelease|Any CPU.ActiveCfg = Release|Any CPU
		{BA7D9FE4-E1B3-4AEA-8187-2C02A0108168}.TrialRelease|Any CPU.Build.0 = Release|Any CPU
	EndGlobalSection
	GlobalSection(SolutionProperties) = preSolution
		HideSolutionNode = FALSE
	EndGlobalSection
EndGlobal
