
Microsoft Visual Studio Solution File, Format Version 12.00
# Visual Studio 2012
Project("{FAE04EC0-301F-11D3-BF4B-00C04F79EFBC}") = "BitsmackGTAPI", "BitsmackGTAPI\BitsmackGTAPI.csproj", "{52A5FFB3-A1F5-4D0E-9C79-BFAE71F69F4B}"
EndProject
Project("{FAE04EC0-301F-11D3-BF4B-00C04F79EFBC}") = "BitsmackGTAPI.Tests", "BitsmackGTAPI.Tests\BitsmackGTAPI.Tests.csproj", "{1274B2E7-E340-4E7E-9833-F1A67B0B128C}"
EndProject
Project("{2150E333-8FDC-42A3-9474-1A3956D46DE8}") = ".nuget", ".nuget", "{FA0C5894-23A3-4E8F-84B4-0F9F9CF614A0}"
	ProjectSection(SolutionItems) = preProject
		.nuget\NuGet.Config = .nuget\NuGet.Config
		.nuget\NuGet.exe = .nuget\NuGet.exe
		.nuget\NuGet.targets = .nuget\NuGet.targets
	EndProjectSection
EndProject
Global
	GlobalSection(SolutionConfigurationPlatforms) = preSolution
		Debug|Any CPU = Debug|Any CPU
		Release|Any CPU = Release|Any CPU
		TrialRelease|Any CPU = TrialRelease|Any CPU
	EndGlobalSection
	GlobalSection(ProjectConfigurationPlatforms) = postSolution
		{52A5FFB3-A1F5-4D0E-9C79-BFAE71F69F4B}.Debug|Any CPU.ActiveCfg = Debug|Any CPU
		{52A5FFB3-A1F5-4D0E-9C79-BFAE71F69F4B}.Debug|Any CPU.Build.0 = Debug|Any CPU
		{52A5FFB3-A1F5-4D0E-9C79-BFAE71F69F4B}.Release|Any CPU.ActiveCfg = Release|Any CPU
		{52A5FFB3-A1F5-4D0E-9C79-BFAE71F69F4B}.Release|Any CPU.Build.0 = Release|Any CPU
		{52A5FFB3-A1F5-4D0E-9C79-BFAE71F69F4B}.TrialRelease|Any CPU.ActiveCfg = Release|Any CPU
		{52A5FFB3-A1F5-4D0E-9C79-BFAE71F69F4B}.TrialRelease|Any CPU.Build.0 = Release|Any CPU
		{1274B2E7-E340-4E7E-9833-F1A67B0B128C}.Debug|Any CPU.ActiveCfg = Debug|Any CPU
		{1274B2E7-E340-4E7E-9833-F1A67B0B128C}.Debug|Any CPU.Build.0 = Debug|Any CPU
		{1274B2E7-E340-4E7E-9833-F1A67B0B128C}.Release|Any CPU.ActiveCfg = Release|Any CPU
		{1274B2E7-E340-4E7E-9833-F1A67B0B128C}.Release|Any CPU.Build.0 = Release|Any CPU
		{1274B2E7-E340-4E7E-9833-F1A67B0B128C}.TrialRelease|Any CPU.ActiveCfg = Release|Any CPU
		{1274B2E7-E340-4E7E-9833-F1A67B0B128C}.TrialRelease|Any CPU.Build.0 = Release|Any CPU
	EndGlobalSection
	GlobalSection(SolutionProperties) = preSolution
		HideSolutionNode = FALSE
	EndGlobalSection
EndGlobal
